
Microsoft Visual Studio Solution File, Format Version 12.00
# Visual Studio Version 16
VisualStudioVersion = 16.0.30804.86
MinimumVisualStudioVersion = 10.0.40219.1
Project("{9A19103F-16F7-4668-BE54-9A1E7A4F7556}") = "UntitledGameEngine", "UntitledGameEngine\UntitledGameEngine.csproj", "{C8AE5CCF-7F7A-45FC-81C2-A5DC2FE072AB}"
EndProject
Project("{FAE04EC0-301F-11D3-BF4B-00C04F79EFBC}") = "UntitledCore", "UntitledCore\UntitledCore.csproj", "{62AD2B76-3DBC-4FE6-8ED6-7FFFB1980069}"
EndProject
Global
	GlobalSection(SolutionConfigurationPlatforms) = preSolution
		Debug|Any CPU = Debug|Any CPU
		Release|Any CPU = Release|Any CPU
	EndGlobalSection
	GlobalSection(ProjectConfigurationPlatforms) = postSolution
		{C8AE5CCF-7F7A-45FC-81C2-A5DC2FE072AB}.Debug|Any CPU.ActiveCfg = Debug|Any CPU
		{C8AE5CCF-7F7A-45FC-81C2-A5DC2FE072AB}.Debug|Any CPU.Build.0 = Debug|Any CPU
		{C8AE5CCF-7F7A-45FC-81C2-A5DC2FE072AB}.Release|Any CPU.ActiveCfg = Release|Any CPU
		{C8AE5CCF-7F7A-45FC-81C2-A5DC2FE072AB}.Release|Any CPU.Build.0 = Release|Any CPU
		{62AD2B76-3DBC-4FE6-8ED6-7FFFB1980069}.Debug|Any CPU.ActiveCfg = Debug|Any CPU
		{62AD2B76-3DBC-4FE6-8ED6-7FFFB1980069}.Debug|Any CPU.Build.0 = Debug|Any CPU
		{62AD2B76-3DBC-4FE6-8ED6-7FFFB1980069}.Release|Any CPU.ActiveCfg = Release|Any CPU
		{62AD2B76-3DBC-4FE6-8ED6-7FFFB1980069}.Release|Any CPU.Build.0 = Release|Any CPU
	EndGlobalSection
	GlobalSection(SolutionProperties) = preSolution
		HideSolutionNode = FALSE
	EndGlobalSection
	GlobalSection(ExtensibilityGlobals) = postSolution
		SolutionGuid = {6EC87C14-8457-4C4B-986C-A41A562D5C2B}
	EndGlobalSection
EndGlobal
